Microsoft Visual Studio Solution File, Format Version 12.00
# Visual Studio 2012
Project("{FAE04EC0-301F-11D3-BF4B-00C04F79EFBC}") = "CGJ2024", "CGJ2024.csproj", "{983A64E1-0ADF-4B77-A8B9-7FF8AD41ABDB}"
EndProject
Global
	GlobalSection(SolutionConfigurationPlatforms) = preSolution
	Debug|Any CPU = Debug|Any CPU
	ExportDebug|Any CPU = ExportDebug|Any CPU
	ExportRelease|Any CPU = ExportRelease|Any CPU
	EndGlobalSection
	GlobalSection(ProjectConfigurationPlatforms) = postSolution
		{983A64E1-0ADF-4B77-A8B9-7FF8AD41ABDB}.Debug|Any CPU.ActiveCfg = Debug|Any CPU
		{983A64E1-0ADF-4B77-A8B9-7FF8AD41ABDB}.Debug|Any CPU.Build.0 = Debug|Any CPU
		{983A64E1-0ADF-4B77-A8B9-7FF8AD41ABDB}.ExportDebug|Any CPU.ActiveCfg = ExportDebug|Any CPU
		{983A64E1-0ADF-4B77-A8B9-7FF8AD41ABDB}.ExportDebug|Any CPU.Build.0 = ExportDebug|Any CPU
		{983A64E1-0ADF-4B77-A8B9-7FF8AD41ABDB}.ExportRelease|Any CPU.ActiveCfg = ExportRelease|Any CPU
		{983A64E1-0ADF-4B77-A8B9-7FF8AD41ABDB}.ExportRelease|Any CPU.Build.0 = ExportRelease|Any CPU
	EndGlobalSection
EndGlobal
